
Microsoft Visual Studio Solution File, Format Version 12.00
# Visual Studio 15
VisualStudioVersion = 15.0.26009.0
MinimumVisualStudioVersion = 10.0.40219.1
Project("{FAE04EC0-301F-11D3-BF4B-00C04F79EFBC}") = "Dekker_2", "Dekker_2\Dekker_2.csproj", "{13960E73-FE1E-498B-A469-FB17AC0691B3}"
EndProject
Global
	GlobalSection(SolutionConfigurationPlatforms) = preSolution
		Debug|Any CPU = Debug|Any CPU
		Release|Any CPU = Release|Any CPU
	EndGlobalSection
	GlobalSection(ProjectConfigurationPlatforms) = postSolution
		{13960E73-FE1E-498B-A469-FB17AC0691B3}.Debug|Any CPU.ActiveCfg = Debug|Any CPU
		{13960E73-FE1E-498B-A469-FB17AC0691B3}.Debug|Any CPU.Build.0 = Debug|Any CPU
		{13960E73-FE1E-498B-A469-FB17AC0691B3}.Release|Any CPU.ActiveCfg = Release|Any CPU
		{13960E73-FE1E-498B-A469-FB17AC0691B3}.Release|Any CPU.Build.0 = Release|Any CPU
	EndGlobalSection
	GlobalSection(SolutionProperties) = preSolution
		HideSolutionNode = FALSE
	EndGlobalSection
EndGlobal
